Microsoft Visual Studio Solution File, Format Version 12.00
# Visual Studio Version 17
VisualStudioVersion = 17.5.2.0
MinimumVisualStudioVersion = 10.0.40219.1
Project("{FAE04EC0-301F-11D3-BF4B-00C04F79EFBC}") = "projet2", "projet2.csproj", "{60016CCB-B24A-1BC0-A17D-183DB251989C}"
EndProject
Global
	GlobalSection(SolutionConfigurationPlatforms) = preSolution
		Debug|Any CPU = Debug|Any CPU
		Release|Any CPU = Release|Any CPU
	EndGlobalSection
	GlobalSection(ProjectConfigurationPlatforms) = postSolution
		{60016CCB-B24A-1BC0-A17D-183DB251989C}.Debug|Any CPU.ActiveCfg = Debug|Any CPU
		{60016CCB-B24A-1BC0-A17D-183DB251989C}.Debug|Any CPU.Build.0 = Debug|Any CPU
		{60016CCB-B24A-1BC0-A17D-183DB251989C}.Release|Any CPU.ActiveCfg = Release|Any CPU
		{60016CCB-B24A-1BC0-A17D-183DB251989C}.Release|Any CPU.Build.0 = Release|Any CPU
	EndGlobalSection
	GlobalSection(SolutionProperties) = preSolution
		HideSolutionNode = FALSE
	EndGlobalSection
	GlobalSection(ExtensibilityGlobals) = postSolution
		SolutionGuid = {0E3E48BC-2742-4AFA-A0E6-53011E2D1792}
	EndGlobalSection
EndGlobal
